github.com/GoRedTeam/goredteam-content v0.0.0-20241105065904-9f4c908b437f h1:q+qboctqRG1lW9iNr4sttnYgThC8OU7v6FUK/KBKNMs=
github.com/GoRedTeam/goredteam-content v0.0.0-20241105065904-9f4c908b437f/go.mod h1:/rddwLSoXNipnD2UZ6ZlRHJIw8U2jOcRenT3F194zh4=
github.com/GoRedTeam/goredteam-content v0.0.0-20241105070018-a8ec24197d2e h1:eYaM9OGJ2WvHF2b82aBNdLgjuvTfs6aEpNr8dgJ31J4=
github.com/GoRedTeam/goredteam-content v0.0.0-20241105070018-a8ec24197d2e/go.mod h1:tVcx9VMcABaaHQ0GYVp71umpLu8G0W/VMWCVmISGRbA=
github.com/GoRedTeam/goredteam-content v0.0.0-20241105084059-e4967d352736 h1:ZhxyscUrZAp200p6/Zpqz93rrtR7LqQ28jblKDtkRZA=
github.com/GoRedTeam/goredteam-content v0.0.0-20241105084059-e4967d352736/go.mod h1:tVcx9VMcABaaHQ0GYVp71umpLu8G0W/VMWCVmISGRbA=
